<?xml version="1.0" encoding="utf-8"?>
<Project ToolsVersion="4.0" xmlns="http://schemas.microsoft.com/developer/msbuild/2003">
  <ItemGroup>
    <ClCompile Include="main.cpp" />
    <ClCompile Include="globalVars.cpp">
      <Filter>gVars</Filter>
    </ClCompile>
    <ClCompile Include="Utils.cpp">
      <Filter>Utils</Filter>
    </ClCompile>
    <ClCompile Include="generalLoad.cpp">
      <Filter>Load</Filter>
    </ClCompile>
    <ClCompile Include="render.cpp">
      <Filter>Render</Filter>
    </ClCompile>
    <ClCompile Include="logic.cpp">
      <Filter>Logic</Filter>
    </ClCompile>
  </ItemGroup>
  <ItemGroup>
    <Filter Include="gVars">
      <UniqueIdentifier>{6e8fe9b3-c802-4755-b1ce-17142911ce4c}</UniqueIdentifier>
    </Filter>
    <Filter Include="Utils">
      <UniqueIdentifier>{3c54abb6-a1b7-4b33-8171-b159cdd39cc4}</UniqueIdentifier>
    </Filter>
    <Filter Include="Load">
      <UniqueIdentifier>{6d392b2c-9100-4790-b32f-56ff98d58d82}</UniqueIdentifier>
    </Filter>
    <Filter Include="Render">
      <UniqueIdentifier>{a888a404-e324-44fe-86fd-f90258b8afc3}</UniqueIdentifier>
    </Filter>
    <Filter Include="Logic">
      <UniqueIdentifier>{b3f40f5a-1cd8-45fd-9a99-c2938a5aa99e}</UniqueIdentifier>
    </Filter>
  </ItemGroup>
  <ItemGroup>
    <ClInclude Include="globalVars.h">
      <Filter>gVars</Filter>
    </ClInclude>
    <ClInclude Include="Utils.h">
      <Filter>Utils</Filter>
    </ClInclude>
    <ClInclude Include="generalLoad.h">
      <Filter>Load</Filter>
    </ClInclude>
    <ClInclude Include="render.h">
      <Filter>Render</Filter>
    </ClInclude>
    <ClInclude Include="logic.h">
      <Filter>Logic</Filter>
    </ClInclude>
  </ItemGroup>
</Project>